
Microsoft Visual Studio Solution File, Format Version 12.00
# Visual Studio Version 17
VisualStudioVersion = 17.0.31903.59
MinimumVisualStudioVersion = 10.0.40219.1
Project("{FAE04EC0-301F-11D3-BF4B-00C04F79EFBC}") = "Sharpie.Console", "src\Sharpie.Console\Sharpie.Console.csproj", "{86DDA1D2-C46C-4546-8296-6DBCC089C271}"
EndProject
Global
	GlobalSection(SolutionConfigurationPlatforms) = preSolution
		Debug|Any CPU = Debug|Any CPU
		Release|Any CPU = Release|Any CPU
	EndGlobalSection
	GlobalSection(ProjectConfigurationPlatforms) = postSolution
		{86DDA1D2-C46C-4546-8296-6DBCC089C271}.Debug|Any CPU.ActiveCfg = Debug|Any CPU
		{86DDA1D2-C46C-4546-8296-6DBCC089C271}.Debug|Any CPU.Build.0 = Debug|Any CPU
		{86DDA1D2-C46C-4546-8296-6DBCC089C271}.Release|Any CPU.ActiveCfg = Release|Any CPU
		{86DDA1D2-C46C-4546-8296-6DBCC089C271}.Release|Any CPU.Build.0 = Release|Any CPU
	EndGlobalSection
	GlobalSection(SolutionProperties) = preSolution
		HideSolutionNode = FALSE
	EndGlobalSection
	GlobalSection(ExtensibilityGlobals) = postSolution
		SolutionGuid = {6FB0A6ED-A784-4715-8FB8-039D083D828B}
	EndGlobalSection
EndGlobal
